
Microsoft Visual Studio Solution File, Format Version 12.00
# Visual Studio Version 17
VisualStudioVersion = 17.3.32929.385
MinimumVisualStudioVersion = 10.0.40219.1
Project("{FAE04EC0-301F-11D3-BF4B-00C04F79EFBC}") = "WriteXmlCsharp", "WriteXmlCsharp\WriteXmlCsharp.csproj", "{04966FE7-3672-4EF4-82E2-0841746D7268}"
EndProject
Global
	GlobalSection(SolutionConfigurationPlatforms) = preSolution
		Debug|Any CPU = Debug|Any CPU
		Release|Any CPU = Release|Any CPU
	EndGlobalSection
	GlobalSection(ProjectConfigurationPlatforms) = postSolution
		{04966FE7-3672-4EF4-82E2-0841746D7268}.Debug|Any CPU.ActiveCfg = Debug|Any CPU
		{04966FE7-3672-4EF4-82E2-0841746D7268}.Debug|Any CPU.Build.0 = Debug|Any CPU
		{04966FE7-3672-4EF4-82E2-0841746D7268}.Release|Any CPU.ActiveCfg = Release|Any CPU
		{04966FE7-3672-4EF4-82E2-0841746D7268}.Release|Any CPU.Build.0 = Release|Any CPU
	EndGlobalSection
	GlobalSection(SolutionProperties) = preSolution
		HideSolutionNode = FALSE
	EndGlobalSection
	GlobalSection(ExtensibilityGlobals) = postSolution
		SolutionGuid = {94988CBA-9ED6-4074-AC9D-56D2CEE633D9}
	EndGlobalSection
EndGlobal
