
Microsoft Visual Studio Solution File, Format Version 12.00
# Visual Studio 15
VisualStudioVersion = 15.0.28307.168
MinimumVisualStudioVersion = 10.0.40219.1
Project("{FAE04EC0-301F-11D3-BF4B-00C04F79EFBC}") = "Esercitazione", "Esercitazione\Esercitazione.csproj", "{829D6407-9DF2-4E40-A93D-FE9CA6D7F674}"
EndProject
Global
	GlobalSection(SolutionConfigurationPlatforms) = preSolution
		Debug|Any CPU = Debug|Any CPU
		Release|Any CPU = Release|Any CPU
	EndGlobalSection
	GlobalSection(ProjectConfigurationPlatforms) = postSolution
		{829D6407-9DF2-4E40-A93D-FE9CA6D7F674}.Debug|Any CPU.ActiveCfg = Debug|Any CPU
		{829D6407-9DF2-4E40-A93D-FE9CA6D7F674}.Debug|Any CPU.Build.0 = Debug|Any CPU
		{829D6407-9DF2-4E40-A93D-FE9CA6D7F674}.Release|Any CPU.ActiveCfg = Release|Any CPU
		{829D6407-9DF2-4E40-A93D-FE9CA6D7F674}.Release|Any CPU.Build.0 = Release|Any CPU
	EndGlobalSection
	GlobalSection(SolutionProperties) = preSolution
		HideSolutionNode = FALSE
	EndGlobalSection
	GlobalSection(ExtensibilityGlobals) = postSolution
		SolutionGuid = {88733F43-5009-42BF-829C-01571A8D7CE2}
	EndGlobalSection
EndGlobal
